
Microsoft Visual Studio Solution File, Format Version 12.00
# Visual Studio Version 16
VisualStudioVersion = 16.0.30413.136
MinimumVisualStudioVersion = 10.0.40219.1
Project("{FAE04EC0-301F-11D3-BF4B-00C04F79EFBC}") = "DependencyProjectDemo", "DependencyProjectDemo\DependencyProjectDemo.csproj", "{4A198DB0-D0D5-42D0-B390-0148B312636F}"
EndProject
Global
	GlobalSection(SolutionConfigurationPlatforms) = preSolution
		Debug|Any CPU = Debug|Any CPU
		Release|Any CPU = Release|Any CPU
	EndGlobalSection
	GlobalSection(ProjectConfigurationPlatforms) = postSolution
		{4A198DB0-D0D5-42D0-B390-0148B312636F}.Debug|Any CPU.ActiveCfg = Debug|Any CPU
		{4A198DB0-D0D5-42D0-B390-0148B312636F}.Debug|Any CPU.Build.0 = Debug|Any CPU
		{4A198DB0-D0D5-42D0-B390-0148B312636F}.Release|Any CPU.ActiveCfg = Release|Any CPU
		{4A198DB0-D0D5-42D0-B390-0148B312636F}.Release|Any CPU.Build.0 = Release|Any CPU
	EndGlobalSection
	GlobalSection(SolutionProperties) = preSolution
		HideSolutionNode = FALSE
	EndGlobalSection
	GlobalSection(ExtensibilityGlobals) = postSolution
		SolutionGuid = {C479093C-EF3B-4F0E-810E-350585885896}
	EndGlobalSection
EndGlobal
