
Microsoft Visual Studio Solution File, Format Version 12.00
# Visual Studio Version 16
VisualStudioVersion = 16.0.30413.136
MinimumVisualStudioVersion = 10.0.40219.1
Project("{FAE04EC0-301F-11D3-BF4B-00C04F79EFBC}") = "NewsASPCORE", "NewsASPCORE\NewsASPCORE.csproj", "{254C4E96-7AF0-4191-B74B-0089BCECDDB3}"
EndProject
Project("{FAE04EC0-301F-11D3-BF4B-00C04F79EFBC}") = "News.DataAccess", "News.DataAccess\News.DataAccess.csproj", "{555F4656-7BE5-4B41-B341-8E2861D78524}"
EndProject
Global
	GlobalSection(SolutionConfigurationPlatforms) = preSolution
		Debug|Any CPU = Debug|Any CPU
		Release|Any CPU = Release|Any CPU
	EndGlobalSection
	GlobalSection(ProjectConfigurationPlatforms) = postSolution
		{254C4E96-7AF0-4191-B74B-0089BCECDDB3}.Debug|Any CPU.ActiveCfg = Debug|Any CPU
		{254C4E96-7AF0-4191-B74B-0089BCECDDB3}.Debug|Any CPU.Build.0 = Debug|Any CPU
		{254C4E96-7AF0-4191-B74B-0089BCECDDB3}.Release|Any CPU.ActiveCfg = Release|Any CPU
		{254C4E96-7AF0-4191-B74B-0089BCECDDB3}.Release|Any CPU.Build.0 = Release|Any CPU
		{555F4656-7BE5-4B41-B341-8E2861D78524}.Debug|Any CPU.ActiveCfg = Debug|Any CPU
		{555F4656-7BE5-4B41-B341-8E2861D78524}.Debug|Any CPU.Build.0 = Debug|Any CPU
		{555F4656-7BE5-4B41-B341-8E2861D78524}.Release|Any CPU.ActiveCfg = Release|Any CPU
		{555F4656-7BE5-4B41-B341-8E2861D78524}.Release|Any CPU.Build.0 = Release|Any CPU
	EndGlobalSection
	GlobalSection(SolutionProperties) = preSolution
		HideSolutionNode = FALSE
	EndGlobalSection
	GlobalSection(ExtensibilityGlobals) = postSolution
		SolutionGuid = {AE2C808E-899E-4ADA-AF23-4B380CD38CBD}
	EndGlobalSection
EndGlobal
